github.com/klauspost/compress v1.16.5 h1:IFV2oUNUzZaz+XyusxpLzpzS8Pt5rh0Z16For/djlyI=
github.com/klauspost/compress v1.16.5/go.mod h1:ntbaceVETuRiXiv4DpjP66DpAtAGkEQskQzEyD//IeE=
github.com/lxzan/gws v1.6.10 h1:tlG0OL6sbcz6UpLp/hKW+uOsugLOYjjKG3l3+wY8zWE=
github.com/lxzan/gws v1.6.10/go.mod h1:dsC6S7kJNh+iWqqu2HiO8tnNCji04HwyJCYfTOS+6iY=
golang.org/x/net v0.15.0 h1:ugBLEUaxABaB5AJqW9enI0ACdci2RUd4eP51NTBvuJ8=
golang.org/x/net v0.15.0/go.mod h1:idbUs1IY1+zTqbi8yxTbhexhEEk5ur9LInksu6HrEpk=
